
Microsoft Visual Studio Solution File, Format Version 12.00
# Visual Studio 2012
Project("{FAE04EC0-301F-11D3-BF4B-00C04F79EFBC}") = "SimpleSearchEngine", "SimpleSearchEngine.csproj", "{041BD9D5-68CC-4243-8EF0-7D8DAA610079}"
EndProject
Project("{2150E333-8FDC-42A3-9474-1A3956D46DE8}") = ".nuget", ".nuget", "{F498F888-387E-4F9D-820E-FEEE346035C7}"
	ProjectSection(SolutionItems) = preProject
		.nuget\NuGet.Config = .nuget\NuGet.Config
		.nuget\NuGet.exe = .nuget\NuGet.exe
		.nuget\NuGet.targets = .nuget\NuGet.targets
	EndProjectSection
EndProject
Global
	GlobalSection(SolutionConfigurationPlatforms) = preSolution
		Debug|Any CPU = Debug|Any CPU
		Release|Any CPU = Release|Any CPU
	EndGlobalSection
	GlobalSection(ProjectConfigurationPlatforms) = postSolution
		{041BD9D5-68CC-4243-8EF0-7D8DAA610079}.Debug|Any CPU.ActiveCfg = Debug|Any CPU
		{041BD9D5-68CC-4243-8EF0-7D8DAA610079}.Debug|Any CPU.Build.0 = Debug|Any CPU
		{041BD9D5-68CC-4243-8EF0-7D8DAA610079}.Release|Any CPU.ActiveCfg = Release|Any CPU
		{041BD9D5-68CC-4243-8EF0-7D8DAA610079}.Release|Any CPU.Build.0 = Release|Any CPU
	EndGlobalSection
	GlobalSection(SolutionProperties) = preSolution
		HideSolutionNode = FALSE
	EndGlobalSection
EndGlobal
